
Microsoft Visual Studio Solution File, Format Version 12.00
# Visual Studio Version 17
VisualStudioVersion = 17.5.33530.505
MinimumVisualStudioVersion = 10.0.40219.1
Project("{8BC9CEB8-8B4A-11D0-8D11-00A0C91BC942}") = "Lanedetection_with_slidingwindow", "Lanedetection_with_slidingwindow.vcxproj", "{051659F8-A34B-4D1B-94E8-C1DFF0D01BC0}"
EndProject
Global
	GlobalSection(SolutionConfigurationPlatforms) = preSolution
		Debug|x64 = Debug|x64
		Debug|x86 = Debug|x86
		Release|x64 = Release|x64
		Release|x86 = Release|x86
	EndGlobalSection
	GlobalSection(ProjectConfigurationPlatforms) = postSolution
		{051659F8-A34B-4D1B-94E8-C1DFF0D01BC0}.Debug|x64.ActiveCfg = Debug|x64
		{051659F8-A34B-4D1B-94E8-C1DFF0D01BC0}.Debug|x64.Build.0 = Debug|x64
		{051659F8-A34B-4D1B-94E8-C1DFF0D01BC0}.Debug|x86.ActiveCfg = Debug|Win32
		{051659F8-A34B-4D1B-94E8-C1DFF0D01BC0}.Debug|x86.Build.0 = Debug|Win32
		{051659F8-A34B-4D1B-94E8-C1DFF0D01BC0}.Release|x64.ActiveCfg = Release|x64
		{051659F8-A34B-4D1B-94E8-C1DFF0D01BC0}.Release|x64.Build.0 = Release|x64
		{051659F8-A34B-4D1B-94E8-C1DFF0D01BC0}.Release|x86.ActiveCfg = Release|Win32
		{051659F8-A34B-4D1B-94E8-C1DFF0D01BC0}.Release|x86.Build.0 = Release|Win32
	EndGlobalSection
	GlobalSection(SolutionProperties) = preSolution
		HideSolutionNode = FALSE
	EndGlobalSection
	GlobalSection(ExtensibilityGlobals) = postSolution
		SolutionGuid = {AAD862C4-EE0F-480B-A080-A6EE94EB4EF2}
	EndGlobalSection
EndGlobal
